version = 1
requires-python = ">=3.11"

[[package]]
name = "repl-nix-workspace"
version = "0.1.0"
source = { virtual = "." }
dependencies = [
    { name = "tornado" },
]

[package.metadata]
requires-dist = [{ name = "tornado", specifier = ">=6.5.1" }]

[[package]]
name = "tornado"
version = "6.5.1"
source = { registry = "https://pypi.org/simple" }
sdist = { url = "https://files.pythonhosted.org/packages/51/89/c72771c81d25d53fe33e3dca61c233b665b2780f21820ba6fd2c6793c12b/tornado-6.5.1.tar.gz", hash = "sha256:84ceece391e8eb9b2b95578db65e920d2a61070260594819589609ba9bc6308c", size = 509934 }
wheels = [
    { url = "https://files.pythonhosted.org/packages/77/89/f4532dee6843c9e0ebc4e28d4be04c67f54f60813e4bf73d595fe7567452/tornado-6.5.1-cp39-abi3-macosx_10_9_universal2.whl", hash = "sha256:d50065ba7fd11d3bd41bcad0825227cc9a95154bad83239357094c36708001f7", size = 441948 },
    { url = "https://files.pythonhosted.org/packages/15/9a/557406b62cffa395d18772e0cdcf03bed2fff03b374677348eef9f6a3792/tornado-6.5.1-cp39-abi3-macosx_10_9_x86_64.whl", hash = "sha256:9e9ca370f717997cb85606d074b0e5b247282cf5e2e1611568b8821afe0342d6", size = 440112 },
    { url = "https://files.pythonhosted.org/packages/55/82/7721b7319013a3cf881f4dffa4f60ceff07b31b394e459984e7a36dc99ec/tornado-6.5.1-cp39-abi3-manylinux_2_17_aarch64.manylinux2014_aarch64.whl", hash = "sha256:b77e9dfa7ed69754a54c89d82ef746398be82f749df69c4d3abe75c4d1ff4888", size = 443672 },
    { url = "https://files.pythonhosted.org/packages/7d/42/d11c4376e7d101171b94e03cef0cbce43e823ed6567ceda571f54cf6e3ce/tornado-6.5.1-cp39-abi3-manylinux_2_5_i686.manylinux1_i686.manylinux_2_17_i686.manylinux2014_i686.whl", hash = "sha256:253b76040ee3bab8bcf7ba9feb136436a3787208717a1fb9f2c16b744fba7331", size = 443019 },
    { url = "https://files.pythonhosted.org/packages/7d/f7/0c48ba992d875521ac761e6e04b0a1750f8150ae42ea26df1852d6a98942/tornado-6.5.1-cp39-abi3-manylinux_2_5_x86_64.manylinux1_x86_64.manylinux_2_17_x86_64.manylinux2014_x86_64.whl", hash = "sha256:308473f4cc5a76227157cdf904de33ac268af770b2c5f05ca6c1161d82fdd95e", size = 443252 },
    { url = "https://files.pythonhosted.org/packages/89/46/d8d7413d11987e316df4ad42e16023cd62666a3c0dfa1518ffa30b8df06c/tornado-6.5.1-cp39-abi3-musllinux_1_2_aarch64.whl", hash = "sha256:caec6314ce8a81cf69bd89909f4b633b9f523834dc1a352021775d45e51d9401", size = 443930 },
    { url = "https://files.pythonhosted.org/packages/78/b2/f8049221c96a06df89bed68260e8ca94beca5ea532ffc63b1175ad31f9cc/tornado-6.5.1-cp39-abi3-musllinux_1_2_i686.whl", hash = "sha256:13ce6e3396c24e2808774741331638ee6c2f50b114b97a55c5b442df65fd9692", size = 443351 },
    { url = "https://files.pythonhosted.org/packages/76/ff/6a0079e65b326cc222a54720a748e04a4db246870c4da54ece4577bfa702/tornado-6.5.1-cp39-abi3-musllinux_1_2_x86_64.whl", hash = "sha256:5cae6145f4cdf5ab24744526cc0f55a17d76f02c98f4cff9daa08ae9a217448a", size = 443328 },
    { url = "https://files.pythonhosted.org/packages/49/18/e3f902a1d21f14035b5bc6246a8c0f51e0eef562ace3a2cea403c1fb7021/tornado-6.5.1-cp39-abi3-win32.whl", hash = "sha256:e0a36e1bc684dca10b1aa75a31df8bdfed656831489bc1e6a6ebed05dc1ec365", size = 444396 },
    { url = "https://files.pythonhosted.org/packages/7b/09/6526e32bf1049ee7de3bebba81572673b19a2a8541f795d887e92af1a8bc/tornado-6.5.1-cp39-abi3-win_amd64.whl", hash = "sha256:908e7d64567cecd4c2b458075589a775063453aeb1d2a1853eedb806922f568b", size = 444840 },
    { url = "https://files.pythonhosted.org/packages/55/a7/535c44c7bea4578e48281d83c615219f3ab19e6abc67625ef637c73987be/tornado-6.5.1-cp39-abi3-win_arm64.whl", hash = "sha256:02420a0eb7bf617257b9935e2b754d1b63897525d8a289c9d65690d580b4dcf7", size = 443596 },
]
